
Microsoft Visual Studio Solution File, Format Version 12.00
# Visual Studio Version 16
VisualStudioVersion = 16.0.29411.108
MinimumVisualStudioVersion = 10.0.40219.1
Project("{FAE04EC0-301F-11D3-BF4B-00C04F79EFBC}") = "BasicsOfEntityFramework", "BasicsOfEntityFramework\BasicsOfEntityFramework.csproj", "{D138CCD3-3252-4B74-9131-D6C6C15FA531}"
EndProject
Project("{FAE04EC0-301F-11D3-BF4B-00C04F79EFBC}") = "BasicsOfEntityFramework.Domain", "BasicsOfEntityFramework.Domain\BasicsOfEntityFramework.Domain.csproj", "{0C4DBFE9-BD8F-426D-B189-8156854F540B}"
EndProject
Global
	GlobalSection(SolutionConfigurationPlatforms) = preSolution
		Debug|Any CPU = Debug|Any CPU
		Release|Any CPU = Release|Any CPU
	EndGlobalSection
	GlobalSection(ProjectConfigurationPlatforms) = postSolution
		{D138CCD3-3252-4B74-9131-D6C6C15FA531}.Debug|Any CPU.ActiveCfg = Debug|Any CPU
		{D138CCD3-3252-4B74-9131-D6C6C15FA531}.Debug|Any CPU.Build.0 = Debug|Any CPU
		{D138CCD3-3252-4B74-9131-D6C6C15FA531}.Release|Any CPU.ActiveCfg = Release|Any CPU
		{D138CCD3-3252-4B74-9131-D6C6C15FA531}.Release|Any CPU.Build.0 = Release|Any CPU
		{0C4DBFE9-BD8F-426D-B189-8156854F540B}.Debug|Any CPU.ActiveCfg = Debug|Any CPU
		{0C4DBFE9-BD8F-426D-B189-8156854F540B}.Debug|Any CPU.Build.0 = Debug|Any CPU
		{0C4DBFE9-BD8F-426D-B189-8156854F540B}.Release|Any CPU.ActiveCfg = Release|Any CPU
		{0C4DBFE9-BD8F-426D-B189-8156854F540B}.Release|Any CPU.Build.0 = Release|Any CPU
	EndGlobalSection
	GlobalSection(SolutionProperties) = preSolution
		HideSolutionNode = FALSE
	EndGlobalSection
	GlobalSection(ExtensibilityGlobals) = postSolution
		SolutionGuid = {6586438F-EF03-4C58-A3EB-F3AD6E60CFBF}
	EndGlobalSection
EndGlobal
